
Microsoft Visual Studio Solution File, Format Version 12.00
# Visual Studio Version 16
VisualStudioVersion = 25.0.1706.0
MinimumVisualStudioVersion = 10.0.40219.1
Project("{FAE04EC0-301F-11D3-BF4B-00C04F79EFBC}") = "BookStore.API", "BookStore.API\BookStore.API.csproj", "{C5DE4D48-AFC4-4F16-9507-46231B6C5597}"
EndProject
Project("{FAE04EC0-301F-11D3-BF4B-00C04F79EFBC}") = "BookStore.Domain", "BookStore.Domain\BookStore.Domain.csproj", "{60445EA8-A281-4484-9B11-EDABAA462DF5}"
EndProject
Project("{FAE04EC0-301F-11D3-BF4B-00C04F79EFBC}") = "BookStore.Infrastructure", "BookStore.Infrastructure\BookStore.Infrastructure.csproj", "{C8926F23-A2B0-441A-90D2-FDC8BD1820FF}"
EndProject
Project("{FAE04EC0-301F-11D3-BF4B-00C04F79EFBC}") = "BlazorSPABookStore", "BlazorSPABookStore\BlazorSPABookStore.csproj", "{31AE6E5A-D4A0-402F-A419-178506F5AB51}"
EndProject
Global
	GlobalSection(SolutionConfigurationPlatforms) = preSolution
		Debug|Any CPU = Debug|Any CPU
		Release|Any CPU = Release|Any CPU
	EndGlobalSection
	GlobalSection(ProjectConfigurationPlatforms) = postSolution
		{C5DE4D48-AFC4-4F16-9507-46231B6C5597}.Debug|Any CPU.ActiveCfg = Debug|Any CPU
		{C5DE4D48-AFC4-4F16-9507-46231B6C5597}.Debug|Any CPU.Build.0 = Debug|Any CPU
		{C5DE4D48-AFC4-4F16-9507-46231B6C5597}.Release|Any CPU.ActiveCfg = Release|Any CPU
		{C5DE4D48-AFC4-4F16-9507-46231B6C5597}.Release|Any CPU.Build.0 = Release|Any CPU
		{60445EA8-A281-4484-9B11-EDABAA462DF5}.Debug|Any CPU.ActiveCfg = Debug|Any CPU
		{60445EA8-A281-4484-9B11-EDABAA462DF5}.Debug|Any CPU.Build.0 = Debug|Any CPU
		{60445EA8-A281-4484-9B11-EDABAA462DF5}.Release|Any CPU.ActiveCfg = Release|Any CPU
		{60445EA8-A281-4484-9B11-EDABAA462DF5}.Release|Any CPU.Build.0 = Release|Any CPU
		{C8926F23-A2B0-441A-90D2-FDC8BD1820FF}.Debug|Any CPU.ActiveCfg = Debug|Any CPU
		{C8926F23-A2B0-441A-90D2-FDC8BD1820FF}.Debug|Any CPU.Build.0 = Debug|Any CPU
		{C8926F23-A2B0-441A-90D2-FDC8BD1820FF}.Release|Any CPU.ActiveCfg = Release|Any CPU
		{C8926F23-A2B0-441A-90D2-FDC8BD1820FF}.Release|Any CPU.Build.0 = Release|Any CPU
		{31AE6E5A-D4A0-402F-A419-178506F5AB51}.Debug|Any CPU.ActiveCfg = Debug|Any CPU
		{31AE6E5A-D4A0-402F-A419-178506F5AB51}.Debug|Any CPU.Build.0 = Debug|Any CPU
		{31AE6E5A-D4A0-402F-A419-178506F5AB51}.Release|Any CPU.ActiveCfg = Release|Any CPU
		{31AE6E5A-D4A0-402F-A419-178506F5AB51}.Release|Any CPU.Build.0 = Release|Any CPU
	EndGlobalSection
	GlobalSection(SolutionProperties) = preSolution
		HideSolutionNode = FALSE
	EndGlobalSection
	GlobalSection(ExtensibilityGlobals) = postSolution
		SolutionGuid = {7AAE1C13-F918-4B77-9490-9C5063592788}
	EndGlobalSection
EndGlobal
